PODS:
  - GoogleAds-IMA-iOS-SDK (3.9.0)

DEPENDENCIES:
  - GoogleAds-IMA-iOS-SDK (~> 3.9)

SPEC REPOS:
  https://github.com/cocoapods/specs.git:
    - GoogleAds-IMA-iOS-SDK

SPEC CHECKSUMS:
  GoogleAds-IMA-iOS-SDK: 8f57879738137b81a48ba792e42439e6bff5413b

PODFILE CHECKSUM: a6b6626bdce7cc04fdde6d79e63f235d52835e71

COCOAPODS: 1.6.2
